
Microsoft Visual Studio Solution File, Format Version 12.00
# Visual Studio Version 17
VisualStudioVersion = 17.3.32922.545
MinimumVisualStudioVersion = 10.0.40219.1
Project("{2150E333-8FDC-42A3-9474-1A3956D46DE8}") = "FrontEnd", "FrontEnd", "{ED724BA5-077A-4D32-9104-3D911F025A10}"
EndProject
Project("{FAE04EC0-301F-11D3-BF4B-00C04F79EFBC}") = "Mango.Web", "Mango.Web\Mango.Web.csproj", "{1D42AD61-3037-4816-989F-018437D07C30}"
EndProject
Project("{2150E333-8FDC-42A3-9474-1A3956D46DE8}") = "Services", "Services", "{2F6E71DD-E4F2-4ED2-8C0F-FF3916DC4ACB}"
EndProject
Project("{FAE04EC0-301F-11D3-BF4B-00C04F79EFBC}") = "Mango.Services.ProductAPI", "Mango.Services.ProductAPI\Mango.Services.ProductAPI.csproj", "{06F20ACA-8404-4C16-84F6-6376859B11F4}"
EndProject
Global
	GlobalSection(SolutionConfigurationPlatforms) = preSolution
		Debug|Any CPU = Debug|Any CPU
		Release|Any CPU = Release|Any CPU
	EndGlobalSection
	GlobalSection(ProjectConfigurationPlatforms) = postSolution
		{1D42AD61-3037-4816-989F-018437D07C30}.Debug|Any CPU.ActiveCfg = Debug|Any CPU
		{1D42AD61-3037-4816-989F-018437D07C30}.Debug|Any CPU.Build.0 = Debug|Any CPU
		{1D42AD61-3037-4816-989F-018437D07C30}.Release|Any CPU.ActiveCfg = Release|Any CPU
		{1D42AD61-3037-4816-989F-018437D07C30}.Release|Any CPU.Build.0 = Release|Any CPU
		{06F20ACA-8404-4C16-84F6-6376859B11F4}.Debug|Any CPU.ActiveCfg = Debug|Any CPU
		{06F20ACA-8404-4C16-84F6-6376859B11F4}.Debug|Any CPU.Build.0 = Debug|Any CPU
		{06F20ACA-8404-4C16-84F6-6376859B11F4}.Release|Any CPU.ActiveCfg = Release|Any CPU
		{06F20ACA-8404-4C16-84F6-6376859B11F4}.Release|Any CPU.Build.0 = Release|Any CPU
	EndGlobalSection
	GlobalSection(SolutionProperties) = preSolution
		HideSolutionNode = FALSE
	EndGlobalSection
	GlobalSection(NestedProjects) = preSolution
		{1D42AD61-3037-4816-989F-018437D07C30} = {ED724BA5-077A-4D32-9104-3D911F025A10}
		{06F20ACA-8404-4C16-84F6-6376859B11F4} = {2F6E71DD-E4F2-4ED2-8C0F-FF3916DC4ACB}
	EndGlobalSection
	GlobalSection(ExtensibilityGlobals) = postSolution
		SolutionGuid = {7A480815-01C5-4ED8-BF8D-B1F020AF2638}
	EndGlobalSection
EndGlobal
